
Microsoft Visual Studio Solution File, Format Version 12.00
# Visual Studio Version 17
VisualStudioVersion = 17.0.31903.59
MinimumVisualStudioVersion = 10.0.40219.1
Project("{FAE04EC0-301F-11D3-BF4B-00C04F79EFBC}") = "GMS.Api", "GMS.Api\GMS.Api.csproj", "{36DD6066-2DEF-46F8-AEAF-61B5DB2F4C20}"
EndProject
Project("{FAE04EC0-301F-11D3-BF4B-00C04F79EFBC}") = "GMS.Application", "GMS.Application\GMS.Application.csproj", "{DBFB7E44-D0B1-42E5-8630-64B49FCF29F3}"
EndProject
Project("{FAE04EC0-301F-11D3-BF4B-00C04F79EFBC}") = "GMS.Domain", "GMS.Domain\GMS.Domain.csproj", "{A4610D2A-9B11-4464-B10C-D16D760092F3}"
EndProject
Project("{FAE04EC0-301F-11D3-BF4B-00C04F79EFBC}") = "GMS.Infrastructure", "GMS.Infrastructure\GMS.Infrastructure.csproj", "{4E29F1B5-12C2-4667-92AC-4BA43B0A8C12}"
EndProject
Project("{FAE04EC0-301F-11D3-BF4B-00C04F79EFBC}") = "GMS.Application.Tests", "GMS.Application.Tests\GMS.Application.Tests.csproj", "{C4DD97CC-CEB6-4575-B2C0-859FF83AD5FA}"
EndProject
Global
	GlobalSection(SolutionConfigurationPlatforms) = preSolution
		Debug|Any CPU = Debug|Any CPU
		Debug|x64 = Debug|x64
		Debug|x86 = Debug|x86
		Release|Any CPU = Release|Any CPU
		Release|x64 = Release|x64
		Release|x86 = Release|x86
	EndGlobalSection
	GlobalSection(ProjectConfigurationPlatforms) = postSolution
		{36DD6066-2DEF-46F8-AEAF-61B5DB2F4C20}.Debug|Any CPU.ActiveCfg = Debug|Any CPU
		{36DD6066-2DEF-46F8-AEAF-61B5DB2F4C20}.Debug|Any CPU.Build.0 = Debug|Any CPU
		{36DD6066-2DEF-46F8-AEAF-61B5DB2F4C20}.Debug|x64.ActiveCfg = Debug|Any CPU
		{36DD6066-2DEF-46F8-AEAF-61B5DB2F4C20}.Debug|x64.Build.0 = Debug|Any CPU
		{36DD6066-2DEF-46F8-AEAF-61B5DB2F4C20}.Debug|x86.ActiveCfg = Debug|Any CPU
		{36DD6066-2DEF-46F8-AEAF-61B5DB2F4C20}.Debug|x86.Build.0 = Debug|Any CPU
		{36DD6066-2DEF-46F8-AEAF-61B5DB2F4C20}.Release|Any CPU.ActiveCfg = Release|Any CPU
		{36DD6066-2DEF-46F8-AEAF-61B5DB2F4C20}.Release|Any CPU.Build.0 = Release|Any CPU
		{36DD6066-2DEF-46F8-AEAF-61B5DB2F4C20}.Release|x64.ActiveCfg = Release|Any CPU
		{36DD6066-2DEF-46F8-AEAF-61B5DB2F4C20}.Release|x64.Build.0 = Release|Any CPU
		{36DD6066-2DEF-46F8-AEAF-61B5DB2F4C20}.Release|x86.ActiveCfg = Release|Any CPU
		{36DD6066-2DEF-46F8-AEAF-61B5DB2F4C20}.Release|x86.Build.0 = Release|Any CPU
		{DBFB7E44-D0B1-42E5-8630-64B49FCF29F3}.Debug|Any CPU.ActiveCfg = Debug|Any CPU
		{DBFB7E44-D0B1-42E5-8630-64B49FCF29F3}.Debug|Any CPU.Build.0 = Debug|Any CPU
		{DBFB7E44-D0B1-42E5-8630-64B49FCF29F3}.Debug|x64.ActiveCfg = Debug|Any CPU
		{DBFB7E44-D0B1-42E5-8630-64B49FCF29F3}.Debug|x64.Build.0 = Debug|Any CPU
		{DBFB7E44-D0B1-42E5-8630-64B49FCF29F3}.Debug|x86.ActiveCfg = Debug|Any CPU
		{DBFB7E44-D0B1-42E5-8630-64B49FCF29F3}.Debug|x86.Build.0 = Debug|Any CPU
		{DBFB7E44-D0B1-42E5-8630-64B49FCF29F3}.Release|Any CPU.ActiveCfg = Release|Any CPU
		{DBFB7E44-D0B1-42E5-8630-64B49FCF29F3}.Release|Any CPU.Build.0 = Release|Any CPU
		{DBFB7E44-D0B1-42E5-8630-64B49FCF29F3}.Release|x64.ActiveCfg = Release|Any CPU
		{DBFB7E44-D0B1-42E5-8630-64B49FCF29F3}.Release|x64.Build.0 = Release|Any CPU
		{DBFB7E44-D0B1-42E5-8630-64B49FCF29F3}.Release|x86.ActiveCfg = Release|Any CPU
		{DBFB7E44-D0B1-42E5-8630-64B49FCF29F3}.Release|x86.Build.0 = Release|Any CPU
		{A4610D2A-9B11-4464-B10C-D16D760092F3}.Debug|Any CPU.ActiveCfg = Debug|Any CPU
		{A4610D2A-9B11-4464-B10C-D16D760092F3}.Debug|Any CPU.Build.0 = Debug|Any CPU
		{A4610D2A-9B11-4464-B10C-D16D760092F3}.Debug|x64.ActiveCfg = Debug|Any CPU
		{A4610D2A-9B11-4464-B10C-D16D760092F3}.Debug|x64.Build.0 = Debug|Any CPU
		{A4610D2A-9B11-4464-B10C-D16D760092F3}.Debug|x86.ActiveCfg = Debug|Any CPU
		{A4610D2A-9B11-4464-B10C-D16D760092F3}.Debug|x86.Build.0 = Debug|Any CPU
		{A4610D2A-9B11-4464-B10C-D16D760092F3}.Release|Any CPU.ActiveCfg = Release|Any CPU
		{A4610D2A-9B11-4464-B10C-D16D760092F3}.Release|Any CPU.Build.0 = Release|Any CPU
		{A4610D2A-9B11-4464-B10C-D16D760092F3}.Release|x64.ActiveCfg = Release|Any CPU
		{A4610D2A-9B11-4464-B10C-D16D760092F3}.Release|x64.Build.0 = Release|Any CPU
		{A4610D2A-9B11-4464-B10C-D16D760092F3}.Release|x86.ActiveCfg = Release|Any CPU
		{A4610D2A-9B11-4464-B10C-D16D760092F3}.Release|x86.Build.0 = Release|Any CPU
		{4E29F1B5-12C2-4667-92AC-4BA43B0A8C12}.Debug|Any CPU.ActiveCfg = Debug|Any CPU
		{4E29F1B5-12C2-4667-92AC-4BA43B0A8C12}.Debug|Any CPU.Build.0 = Debug|Any CPU
		{4E29F1B5-12C2-4667-92AC-4BA43B0A8C12}.Debug|x64.ActiveCfg = Debug|Any CPU
		{4E29F1B5-12C2-4667-92AC-4BA43B0A8C12}.Debug|x64.Build.0 = Debug|Any CPU
		{4E29F1B5-12C2-4667-92AC-4BA43B0A8C12}.Debug|x86.ActiveCfg = Debug|Any CPU
		{4E29F1B5-12C2-4667-92AC-4BA43B0A8C12}.Debug|x86.Build.0 = Debug|Any CPU
		{4E29F1B5-12C2-4667-92AC-4BA43B0A8C12}.Release|Any CPU.ActiveCfg = Release|Any CPU
		{4E29F1B5-12C2-4667-92AC-4BA43B0A8C12}.Release|Any CPU.Build.0 = Release|Any CPU
		{4E29F1B5-12C2-4667-92AC-4BA43B0A8C12}.Release|x64.ActiveCfg = Release|Any CPU
		{4E29F1B5-12C2-4667-92AC-4BA43B0A8C12}.Release|x64.Build.0 = Release|Any CPU
		{4E29F1B5-12C2-4667-92AC-4BA43B0A8C12}.Release|x86.ActiveCfg = Release|Any CPU
		{4E29F1B5-12C2-4667-92AC-4BA43B0A8C12}.Release|x86.Build.0 = Release|Any CPU
		{C4DD97CC-CEB6-4575-B2C0-859FF83AD5FA}.Debug|Any CPU.ActiveCfg = Debug|Any CPU
		{C4DD97CC-CEB6-4575-B2C0-859FF83AD5FA}.Debug|Any CPU.Build.0 = Debug|Any CPU
		{C4DD97CC-CEB6-4575-B2C0-859FF83AD5FA}.Debug|x64.ActiveCfg = Debug|Any CPU
		{C4DD97CC-CEB6-4575-B2C0-859FF83AD5FA}.Debug|x64.Build.0 = Debug|Any CPU
		{C4DD97CC-CEB6-4575-B2C0-859FF83AD5FA}.Debug|x86.ActiveCfg = Debug|Any CPU
		{C4DD97CC-CEB6-4575-B2C0-859FF83AD5FA}.Debug|x86.Build.0 = Debug|Any CPU
		{C4DD97CC-CEB6-4575-B2C0-859FF83AD5FA}.Release|Any CPU.ActiveCfg = Release|Any CPU
		{C4DD97CC-CEB6-4575-B2C0-859FF83AD5FA}.Release|Any CPU.Build.0 = Release|Any CPU
		{C4DD97CC-CEB6-4575-B2C0-859FF83AD5FA}.Release|x64.ActiveCfg = Release|Any CPU
		{C4DD97CC-CEB6-4575-B2C0-859FF83AD5FA}.Release|x64.Build.0 = Release|Any CPU
		{C4DD97CC-CEB6-4575-B2C0-859FF83AD5FA}.Release|x86.ActiveCfg = Release|Any CPU
		{C4DD97CC-CEB6-4575-B2C0-859FF83AD5FA}.Release|x86.Build.0 = Release|Any CPU
	EndGlobalSection
	GlobalSection(SolutionProperties) = preSolution
		HideSolutionNode = FALSE
	EndGlobalSection
EndGlobal
